
Microsoft Visual Studio Solution File, Format Version 12.00
# Visual Studio 15
VisualStudioVersion = 15.0.28010.2041
MinimumVisualStudioVersion = 10.0.40219.1
Project("{FAE04EC0-301F-11D3-BF4B-00C04F79EFBC}") = "WebApplication2", "WebApplication2\WebApplication2.csproj", "{70DD9C8F-0148-4A6F-9E56-DB03BE285BEE}"
EndProject
Global
	GlobalSection(SolutionConfigurationPlatforms) = preSolution
		Debug|Any CPU = Debug|Any CPU
		Release|Any CPU = Release|Any CPU
	EndGlobalSection
	GlobalSection(ProjectConfigurationPlatforms) = postSolution
		{70DD9C8F-0148-4A6F-9E56-DB03BE285BEE}.Debug|Any CPU.ActiveCfg = Debug|Any CPU
		{70DD9C8F-0148-4A6F-9E56-DB03BE285BEE}.Debug|Any CPU.Build.0 = Debug|Any CPU
		{70DD9C8F-0148-4A6F-9E56-DB03BE285BEE}.Release|Any CPU.ActiveCfg = Release|Any CPU
		{70DD9C8F-0148-4A6F-9E56-DB03BE285BEE}.Release|Any CPU.Build.0 = Release|Any CPU
	EndGlobalSection
	GlobalSection(SolutionProperties) = preSolution
		HideSolutionNode = FALSE
	EndGlobalSection
	GlobalSection(ExtensibilityGlobals) = postSolution
		SolutionGuid = {ACD184EB-7EBA-4445-B910-2BE6353C0B54}
	EndGlobalSection
EndGlobal
